
Microsoft Visual Studio Solution File, Format Version 12.00
# Visual Studio Version 17
VisualStudioVersion = 17.6.33801.468
MinimumVisualStudioVersion = 10.0.40219.1
Project("{FAE04EC0-301F-11D3-BF4B-00C04F79EFBC}") = "CoffeeShop", "CoffeeShop\CoffeeShop.csproj", "{102DBD20-54CB-4056-88BE-DA76D38AA4A3}"
EndProject
Project("{FAE04EC0-301F-11D3-BF4B-00C04F79EFBC}") = "Admin", "Admin\Admin.csproj", "{EB357F3C-99F3-4FDC-BC54-DE52DC63CAE4}"
EndProject
Project("{FAE04EC0-301F-11D3-BF4B-00C04F79EFBC}") = "ConnectionDB", "ConnectionDB\ConnectionDB.csproj", "{932D1AB3-7AEE-4CA5-BB7D-214DC53BCFF8}"
	ProjectSection(ProjectDependencies) = postProject
		{102DBD20-54CB-4056-88BE-DA76D38AA4A3} = {102DBD20-54CB-4056-88BE-DA76D38AA4A3}
	EndProjectSection
EndProject
Global
	GlobalSection(SolutionConfigurationPlatforms) = preSolution
		Debug|Any CPU = Debug|Any CPU
		Release|Any CPU = Release|Any CPU
	EndGlobalSection
	GlobalSection(ProjectConfigurationPlatforms) = postSolution
		{102DBD20-54CB-4056-88BE-DA76D38AA4A3}.Debug|Any CPU.ActiveCfg = Debug|Any CPU
		{102DBD20-54CB-4056-88BE-DA76D38AA4A3}.Debug|Any CPU.Build.0 = Debug|Any CPU
		{102DBD20-54CB-4056-88BE-DA76D38AA4A3}.Release|Any CPU.ActiveCfg = Release|Any CPU
		{102DBD20-54CB-4056-88BE-DA76D38AA4A3}.Release|Any CPU.Build.0 = Release|Any CPU
		{EB357F3C-99F3-4FDC-BC54-DE52DC63CAE4}.Debug|Any CPU.ActiveCfg = Debug|Any CPU
		{EB357F3C-99F3-4FDC-BC54-DE52DC63CAE4}.Debug|Any CPU.Build.0 = Debug|Any CPU
		{EB357F3C-99F3-4FDC-BC54-DE52DC63CAE4}.Release|Any CPU.ActiveCfg = Release|Any CPU
		{EB357F3C-99F3-4FDC-BC54-DE52DC63CAE4}.Release|Any CPU.Build.0 = Release|Any CPU
		{932D1AB3-7AEE-4CA5-BB7D-214DC53BCFF8}.Debug|Any CPU.ActiveCfg = Debug|Any CPU
		{932D1AB3-7AEE-4CA5-BB7D-214DC53BCFF8}.Debug|Any CPU.Build.0 = Debug|Any CPU
		{932D1AB3-7AEE-4CA5-BB7D-214DC53BCFF8}.Release|Any CPU.ActiveCfg = Release|Any CPU
		{932D1AB3-7AEE-4CA5-BB7D-214DC53BCFF8}.Release|Any CPU.Build.0 = Release|Any CPU
	EndGlobalSection
	GlobalSection(SolutionProperties) = preSolution
		HideSolutionNode = FALSE
	EndGlobalSection
	GlobalSection(ExtensibilityGlobals) = postSolution
		SolutionGuid = {76376DD8-9E1B-4442-8E56-50EDDD15264C}
	EndGlobalSection
EndGlobal
